
Microsoft Visual Studio Solution File, Format Version 12.00
# Visual Studio Version 16
VisualStudioVersion = 16.0.30406.217
MinimumVisualStudioVersion = 10.0.40219.1
Project("{FAE04EC0-301F-11D3-BF4B-00C04F79EFBC}") = "CryptoWalletService", "CryptoWalletService\CryptoWalletService.csproj", "{424530FE-F460-4E5C-9318-8A6E3120D31A}"
EndProject
Project("{FAE04EC0-301F-11D3-BF4B-00C04F79EFBC}") = "CryptoWalletUI", "CryptoWalletUI\CryptoWalletUI.csproj", "{206B518B-86B5-4BAC-A2FE-D326798DF110}"
EndProject
Global
	GlobalSection(SolutionConfigurationPlatforms) = preSolution
		Debug|Any CPU = Debug|Any CPU
		Release|Any CPU = Release|Any CPU
	EndGlobalSection
	GlobalSection(ProjectConfigurationPlatforms) = postSolution
		{424530FE-F460-4E5C-9318-8A6E3120D31A}.Debug|Any CPU.ActiveCfg = Debug|Any CPU
		{424530FE-F460-4E5C-9318-8A6E3120D31A}.Debug|Any CPU.Build.0 = Debug|Any CPU
		{424530FE-F460-4E5C-9318-8A6E3120D31A}.Release|Any CPU.ActiveCfg = Release|Any CPU
		{424530FE-F460-4E5C-9318-8A6E3120D31A}.Release|Any CPU.Build.0 = Release|Any CPU
		{206B518B-86B5-4BAC-A2FE-D326798DF110}.Debug|Any CPU.ActiveCfg = Debug|Any CPU
		{206B518B-86B5-4BAC-A2FE-D326798DF110}.Debug|Any CPU.Build.0 = Debug|Any CPU
		{206B518B-86B5-4BAC-A2FE-D326798DF110}.Release|Any CPU.ActiveCfg = Release|Any CPU
		{206B518B-86B5-4BAC-A2FE-D326798DF110}.Release|Any CPU.Build.0 = Release|Any CPU
	EndGlobalSection
	GlobalSection(SolutionProperties) = preSolution
		HideSolutionNode = FALSE
	EndGlobalSection
	GlobalSection(ExtensibilityGlobals) = postSolution
		SolutionGuid = {980D3219-93CE-46F4-BDAF-0B4915F91B40}
	EndGlobalSection
EndGlobal
